// !$*UTF8*$!
{
	archiveVersion = 1;
	classes = {
	};
	objectVersion = 46;
	objects = {

/* Begin PBXBuildFile section */
		7455EE881D1A29A8002F9F43 /* AppDelegate.swift in Sources */ = {isa = PBXBuildFile; fileRef = 7455EE871D1A29A8002F9F43 /* AppDelegate.swift */; };
		7455EE8A1D1A29A8002F9F43 /* ViewController.swift in Sources */ = {isa = PBXBuildFile; fileRef = 7455EE891D1A29A8002F9F43 /* ViewController.swift */; };
		7455EE8D1D1A29A8002F9F43 /* Main.storyboard in Resources */ = {isa = PBXBuildFile; fileRef = 7455EE8B1D1A29A8002F9F43 /* Main.storyboard */; };
		7455EE8F1D1A29A8002F9F43 /* Assets.xcassets in Resources */ = {isa = PBXBuildFile; fileRef = 7455EE8E1D1A29A8002F9F43 /* Assets.xcassets */; };
		7455EE921D1A29A8002F9F43 /* LaunchScreen.storyboard in Resources */ = {isa = PBXBuildFile; fileRef = 7455EE901D1A29A8002F9F43 /* LaunchScreen.storyboard */; };
		7455EE9D1D1A29A8002F9F43 /* ios_lessonTests.swift in Sources */ = {isa = PBXBuildFile; fileRef = 7455EE9C1D1A29A8002F9F43 /* ios_lessonTests.swift */; };
		7455EEA81D1A29A8002F9F43 /* ios_lessonUITests.swift in Sources */ = {isa = PBXBuildFile; fileRef = 7455EEA71D1A29A8002F9F43 /* ios_lessonUITests.swift */; };
/* End PBXBuildFile section */

/* Begin PBXContainerItemProxy section */
		7455EE991D1A29A8002F9F43 /* PBXContainerItemProxy */ = {
			isa = PBXContainerItemProxy;
			containerPortal = 7455EE7C1D1A29A8002F9F43 /* Project object */;
			proxyType = 1;
			remoteGlobalIDString = 7455EE831D1A29A8002F9F43;
			remoteInfo = "ios-lesson";
		};
		7455EEA41D1A29A8002F9F43 /* PBXContainerItemProxy */ = {
			isa = PBXContainerItemProxy;
			containerPortal = 7455EE7C1D1A29A8002F9F43 /* Project object */;
			proxyType = 1;
			remoteGlobalIDString = 7455EE831D1A29A8002F9F43;
			remoteInfo = "ios-lesson";
		};
/* End PBXContainerItemProxy section */

/* Begin PBXFileReference section */
		7455EE841D1A29A8002F9F43 /* ios-lesson.app */ = {isa = PBXFileReference; explicitFileType = wrapper.application; includeInIndex = 0; path = "ios-lesson.app"; sourceTree = BUILT_PRODUCTS_DIR; };
		7455EE871D1A29A8002F9F43 /* AppDelegate.swift */ = {isa = PBXFileReference; lastKnownFileType = sourcecode.swift; path = AppDelegate.swift; sourceTree = "<group>"; };
		7455EE891D1A29A8002F9F43 /* ViewController.swift */ = {isa = PBXFileReference; lastKnownFileType = sourcecode.swift; path = ViewController.swift; sourceTree = "<group>"; };
		7455EE8C1D1A29A8002F9F43 /* Base */ = {isa = PBXFileReference; lastKnownFileType = file.storyboard; name = Base; path = Base.lproj/Main.storyboard; sourceTree = "<group>"; };
		7455EE8E1D1A29A8002F9F43 /* Assets.xcassets */ = {isa = PBXFileReference; lastKnownFileType = folder.assetcatalog; path = Assets.xcassets; sourceTree = "<group>"; };
		7455EE911D1A29A8002F9F43 /* Base */ = {isa = PBXFileReference; lastKnownFileType = file.storyboard; name = Base; path = Base.lproj/LaunchScreen.storyboard; sourceTree = "<group>"; };
		7455EE931D1A29A8002F9F43 /* Info.plist */ = {isa = PBXFileReference; lastKnownFileType = text.plist.xml; path = Info.plist; sourceTree = "<group>"; };
		7455EE981D1A29A8002F9F43 /* ios-lessonTests.xctest */ = {isa = PBXFileReference; explicitFileType = wrapper.cfbundle; includeInIndex = 0; path = "ios-lessonTests.xctest"; sourceTree = BUILT_PRODUCTS_DIR; };
		7455EE9C1D1A29A8002F9F43 /* ios_lessonTests.swift */ = {isa = PBXFileReference; lastKnownFileType = sourcecode.swift; path = ios_lessonTests.swift; sourceTree = "<group>"; };
		7455EE9E1D1A29A8002F9F43 /* Info.plist */ = {isa = PBXFileReference; lastKnownFileType = text.plist.xml; path = Info.plist; sourceTree = "<group>"; };
		7455EEA31D1A29A8002F9F43 /* ios-lessonUITests.xctest */ = {isa = PBXFileReference; explicitFileType = wrapper.cfbundle; includeInIndex = 0; path = "ios-lessonUITests.xctest"; sourceTree = BUILT_PRODUCTS_DIR; };
		7455EEA71D1A29A8002F9F43 /* ios_lessonUITests.swift */ = {isa = PBXFileReference; lastKnownFileType = sourcecode.swift; path = ios_lessonUITests.swift; sourceTree = "<group>"; };
		7455EEA91D1A29A8002F9F43 /* Info.plist */ = {isa = PBXFileReference; lastKnownFileType = text.plist.xml; path = Info.plist; sourceTree = "<group>"; };
		7455EEED1D1A2A71002F9F43 /* ios-lesson.entitlements */ = {isa = PBXFileReference; lastKnownFileType = text.xml; path = "ios-lesson.entitlements"; sourceTree = "<group>"; };
/* End PBXFileReference section */

/* Begin PBXFrameworksBuildPhase section */
		7455EE811D1A29A8002F9F43 /* Frameworks */ = {
			isa = PBXFrameworksBuildPhase;
			buildActionMask = 2147483647;
			files = (
			);
			runOnlyForDeploymentPostprocessing = 0;
		};
		7455EE951D1A29A8002F9F43 /* Frameworks */ = {
			isa = PBXFrameworksBuildPhase;
			buildActionMask = 2147483647;
			files = (
			);
			runOnlyForDeploymentPostprocessing = 0;
		};
		7455EEA01D1A29A8002F9F43 /* Frameworks */ = {
			isa = PBXFrameworksBuildPhase;
			buildActionMask = 2147483647;
			files = (
			);
			runOnlyForDeploymentPostprocessing = 0;
		};
/* End PBXFrameworksBuildPhase section */

/* Begin PBXGroup section */
		7455EE7B1D1A29A8002F9F43 = {
			isa = PBXGroup;
			children = (
				7455EE861D1A29A8002F9F43 /* ios-lesson */,
				7455EE9B1D1A29A8002F9F43 /* ios-lessonTests */,
				7455EEA61D1A29A8002F9F43 /* ios-lessonUITests */,
				7455EE851D1A29A8002F9F43 /* Products */,
			);
			sourceTree = "<group>";
		};
		7455EE851D1A29A8002F9F43 /* Products */ = {
			isa = PBXGroup;
			children = (
				7455EE841D1A29A8002F9F43 /* ios-lesson.app */,
				7455EE981D1A29A8002F9F43 /* ios-lessonTests.xctest */,
				7455EEA31D1A29A8002F9F43 /* ios-lessonUITests.xctest */,
			);
			name = Products;
			sourceTree = "<group>";
		};
		7455EE861D1A29A8002F9F43 /* ios-lesson */ = {
			isa = PBXGroup;
			children = (
				7455EEED1D1A2A71002F9F43 /* ios-lesson.entitlements */,
				7455EE871D1A29A8002F9F43 /* AppDelegate.swift */,
				7455EE891D1A29A8002F9F43 /* ViewController.swift */,
				7455EE8B1D1A29A8002F9F43 /* Main.storyboard */,
				7455EE8E1D1A29A8002F9F43 /* Assets.xcassets */,
				7455EE901D1A29A8002F9F43 /* LaunchScreen.storyboard */,
				7455EE931D1A29A8002F9F43 /* Info.plist */,
			);
			path = "ios-lesson";
			sourceTree = "<group>";
		};
		7455EE9B1D1A29A8002F9F43 /* ios-lessonTests */ = {
			isa = PBXGroup;
			children = (
				7455EE9C1D1A29A8002F9F43 /* ios_lessonTests.swift */,
				7455EE9E1D1A29A8002F9F43 /* Info.plist */,
			);
			path = "ios-lessonTests";
			sourceTree = "<group>";
		};
		7455EEA61D1A29A8002F9F43 /* ios-lessonUITests */ = {
			isa = PBXGroup;
			children = (
				7455EEA71D1A29A8002F9F43 /* ios_lessonUITests.swift */,
				7455EEA91D1A29A8002F9F43 /* Info.plist */,
			);
			path = "ios-lessonUITests";
			sourceTree = "<group>";
		};
/* End PBXGroup section */

/* Begin PBXNativeTarget section */
		7455EE831D1A29A8002F9F43 /* ios-lesson */ = {
			isa = PBXNativeTarget;
			buildConfigurationList = 7455EEAC1D1A29A8002F9F43 /* Build configuration list for PBXNativeTarget "ios-lesson" */;
			buildPhases = (
				7455EE801D1A29A8002F9F43 /* Sources */,
				7455EE811D1A29A8002F9F43 /* Frameworks */,
				7455EE821D1A29A8002F9F43 /* Resources */,
			);
			buildRules = (
			);
			dependencies = (
			);
			name = "ios-lesson";
			productName = "ios-lesson";
			productReference = 7455EE841D1A29A8002F9F43 /* ios-lesson.app */;
			productType = "com.apple.product-type.application";
		};
		7455EE971D1A29A8002F9F43 /* ios-lessonTests */ = {
			isa = PBXNativeTarget;
			buildConfigurationList = 7455EEAF1D1A29A8002F9F43 /* Build configuration list for PBXNativeTarget "ios-lessonTests" */;
			buildPhases = (
				7455EE941D1A29A8002F9F43 /* Sources */,
				7455EE951D1A29A8002F9F43 /* Frameworks */,
				7455EE961D1A29A8002F9F43 /* Resources */,
			);
			buildRules = (
			);
			dependencies = (
				7455EE9A1D1A29A8002F9F43 /* PBXTargetDependency */,
			);
			name = "ios-lessonTests";
			productName = "ios-lessonTests";
			productReference = 7455EE981D1A29A8002F9F43 /* ios-lessonTests.xctest */;
			productType = "com.apple.product-type.bundle.unit-test";
		};
		7455EEA21D1A29A8002F9F43 /* ios-lessonUITests */ = {
			isa = PBXNativeTarget;
			buildConfigurationList = 7455EEB21D1A29A8002F9F43 /* Build configuration list for PBXNativeTarget "ios-lessonUITests" */;
			buildPhases = (
				7455EE9F1D1A29A8002F9F43 /* Sources */,
				7455EEA01D1A29A8002F9F43 /* Frameworks */,
				7455EEA11D1A29A8002F9F43 /* Resources */,
			);
			buildRules = (
			);
			dependencies = (
				7455EEA51D1A29A8002F9F43 /* PBXTargetDependency */,
			);
			name = "ios-lessonUITests";
			productName = "ios-lessonUITests";
			productReference = 7455EEA31D1A29A8002F9F43 /* ios-lessonUITests.xctest */;
			productType = "com.apple.product-type.bundle.ui-testing";
		};
/* End PBXNativeTarget section */

/* Begin PBXProject section */
		7455EE7C1D1A29A8002F9F43 /* Project object */ = {
			isa = PBXProject;
			attributes = {
				LastSwiftUpdateCheck = 0730;
				LastUpgradeCheck = 0730;
				ORGANIZATIONNAME = "Ajay Thakur";
				TargetAttributes = {
					7455EE831D1A29A8002F9F43 = {
						CreatedOnToolsVersion = 7.3.1;
						DevelopmentTeam = 489DFKYAU5;
						SystemCapabilities = {
							com.apple.iCloud = {
								enabled = 1;
							};
						};
					};
					7455EE971D1A29A8002F9F43 = {
						CreatedOnToolsVersion = 7.3.1;
						TestTargetID = 7455EE831D1A29A8002F9F43;
					};
					7455EEA21D1A29A8002F9F43 = {
						CreatedOnToolsVersion = 7.3.1;
						TestTargetID = 7455EE831D1A29A8002F9F43;
					};
				};
			};
			buildConfigurationList = 7455EE7F1D1A29A8002F9F43 /* Build configuration list for PBXProject "ios-lesson" */;
			compatibilityVersion = "Xcode 3.2";
			developmentRegion = English;
			hasScannedForEncodings = 0;
			knownRegions = (
				en,
				Base,
			);
			mainGroup = 7455EE7B1D1A29A8002F9F43;
			productRefGroup = 7455EE851D1A29A8002F9F43 /* Products */;
			projectDirPath = "";
			projectRoot = "";
			targets = (
				7455EE831D1A29A8002F9F43 /* ios-lesson */,
				7455EE971D1A29A8002F9F43 /* ios-lessonTests */,
				7455EEA21D1A29A8002F9F43 /* ios-lessonUITests */,
			);
		};
/* End PBXProject section */

/* Begin PBXResourcesBuildPhase section */
		7455EE821D1A29A8002F9F43 /* Resources */ = {
			isa = PBXResourcesBuildPhase;
			buildActionMask = 2147483647;
			files = (
				7455EE921D1A29A8002F9F43 /* LaunchScreen.storyboard in Resources */,
				7455EE8F1D1A29A8002F9F43 /* Assets.xcassets in Resources */,
				7455EE8D1D1A29A8002F9F43 /* Main.storyboard in Resources */,
			);
			runOnlyForDeploymentPostprocessing = 0;
		};
		7455EE961D1A29A8002F9F43 /* Resources */ = {
			isa = PBXResourcesBuildPhase;
			buildActionMask = 2147483647;
			files = (
			);
			runOnlyForDeploymentPostprocessing = 0;
		};
		7455EEA11D1A29A8002F9F43 /* Resources */ = {
			isa = PBXResourcesBuildPhase;
			buildActionMask = 2147483647;
			files = (
			);
			runOnlyForDeploymentPostprocessing = 0;
		};
/* End PBXResourcesBuildPhase section */

/* Begin PBXSourcesBuildPhase section */
		7455EE801D1A29A8002F9F43 /* Sources */ = {
			isa = PBXSourcesBuildPhase;
			buildActionMask = 2147483647;
			files = (
				7455EE8A1D1A29A8002F9F43 /* ViewController.swift in Sources */,
				7455EE881D1A29A8002F9F43 /* AppDelegate.swift in Sources */,
			);
			runOnlyForDeploymentPostprocessing = 0;
		};
		7455EE941D1A29A8002F9F43 /* Sources */ = {
			isa = PBXSourcesBuildPhase;
			buildActionMask = 2147483647;
			files = (
				7455EE9D1D1A29A8002F9F43 /* ios_lessonTests.swift in Sources */,
			);
			runOnlyForDeploymentPostprocessing = 0;
		};
		7455EE9F1D1A29A8002F9F43 /* Sources */ = {
			isa = PBXSourcesBuildPhase;
			buildActionMask = 2147483647;
			files = (
				7455EEA81D1A29A8002F9F43 /* ios_lessonUITests.swift in Sources */,
			);
			runOnlyForDeploymentPostprocessing = 0;
		};
/* End PBXSourcesBuildPhase section */

/* Begin PBXTargetDependency section */
		7455EE9A1D1A29A8002F9F43 /* PBXTargetDependency */ = {
			isa = PBXTargetDependency;
			target = 7455EE831D1A29A8002F9F43 /* ios-lesson */;
			targetProxy = 7455EE991D1A29A8002F9F43 /* PBXContainerItemProxy */;
		};
		7455EEA51D1A29A8002F9F43 /* PBXTargetDependency */ = {
			isa = PBXTargetDependency;
			target = 7455EE831D1A29A8002F9F43 /* ios-lesson */;
			targetProxy = 7455EEA41D1A29A8002F9F43 /* PBXContainerItemProxy */;
		};
/* End PBXTargetDependency section */

/* Begin PBXVariantGroup section */
		7455EE8B1D1A29A8002F9F43 /* Main.storyboard */ = {
			isa = PBXVariantGroup;
			children = (
				7455EE8C1D1A29A8002F9F43 /* Base */,
			);
			name = Main.storyboard;
			sourceTree = "<group>";
		};
		7455EE901D1A29A8002F9F43 /* LaunchScreen.storyboard */ = {
			isa = PBXVariantGroup;
			children = (
				7455EE911D1A29A8002F9F43 /* Base */,
			);
			name = LaunchScreen.storyboard;
			sourceTree = "<group>";
		};
/* End PBXVariantGroup section */

/* Begin XCBuildConfiguration section */
		7455EEAA1D1A29A8002F9F43 /* Debug */ = {
			isa = XCBuildConfiguration;
			buildSettings = {
				ALWAYS_SEARCH_USER_PATHS = NO;
				CLANG_ANALYZER_NONNULL = YES;
				CLANG_CXX_LANGUAGE_STANDARD = "gnu++0x";
				CLANG_CXX_LIBRARY = "libc++";
				CLANG_ENABLE_MODULES = YES;
				CLANG_ENABLE_OBJC_ARC = YES;
				CLANG_WARN_BOOL_CONVERSION = YES;
				CLANG_WARN_CONSTANT_CONVERSION = YES;
				CLANG_WARN_DIRECT_OBJC_ISA_USAGE = YES_ERROR;
				CLANG_WARN_EMPTY_BODY = YES;
				CLANG_WARN_ENUM_CONVERSION = YES;
				CLANG_WARN_INT_CONVERSION = YES;
				CLANG_WARN_OBJC_ROOT_CLASS = YES_ERROR;
				CLANG_WARN_UNREACHABLE_CODE = YES;
				CLANG_WARN__DUPLICATE_METHOD_MATCH = YES;
				"CODE_SIGN_IDENTITY[sdk=iphoneos*]" = "iPhone Developer";
				COPY_PHASE_STRIP = NO;
				DEBUG_INFORMATION_FORMAT = dwarf;
				ENABLE_STRICT_OBJC_MSGSEND = YES;
				ENABLE_TESTABILITY = YES;
				GCC_C_LANGUAGE_STANDARD = gnu99;
				GCC_DYNAMIC_NO_PIC = NO;
				GCC_NO_COMMON_BLOCKS = YES;
				GCC_OPTIMIZATION_LEVEL = 0;
				GCC_PREPROCESSOR_DEFINITIONS = (
					"DEBUG=1",
					"$(inherited)",
				);
				GCC_WARN_64_TO_32_BIT_CONVERSION = YES;
				GCC_WARN_ABOUT_RETURN_TYPE = YES_ERROR;
				GCC_WARN_UNDECLARED_SELECTOR = YES;
				GCC_WARN_UNINITIALIZED_AUTOS = YES_AGGRESSIVE;
				GCC_WARN_UNUSED_FUNCTION = YES;
				GCC_WARN_UNUSED_VARIABLE = YES;
				IPHONEOS_DEPLOYMENT_TARGET = 9.3;
				MTL_ENABLE_DEBUG_INFO = YES;
				ONLY_ACTIVE_ARCH = YES;
				SDKROOT = iphoneos;
				SWIFT_OPTIMIZATION_LEVEL = "-Onone";
				TARGETED_DEVICE_FAMILY = "1,2";
			};
			name = Debug;
		};
		7455EEAB1D1A29A8002F9F43 /* Release */ = {
			isa = XCBuildConfiguration;
			buildSettings = {
				ALWAYS_SEARCH_USER_PATHS = NO;
				CLANG_ANALYZER_NONNULL = YES;
				CLANG_CXX_LANGUAGE_STANDARD = "gnu++0x";
				CLANG_CXX_LIBRARY = "libc++";
				CLANG_ENABLE_MODULES = YES;
				CLANG_ENABLE_OBJC_ARC = YES;
				CLANG_WARN_BOOL_CONVERSION = YES;
				CLANG_WARN_CONSTANT_CONVERSION = YES;
				CLANG_WARN_DIRECT_OBJC_ISA_USAGE = YES_ERROR;
				CLANG_WARN_EMPTY_BODY = YES;
				CLANG_WARN_ENUM_CONVERSION = YES;
				CLANG_WARN_INT_CONVERSION = YES;
				CLANG_WARN_OBJC_ROOT_CLASS = YES_ERROR;
				CLANG_WARN_UNREACHABLE_CODE = YES;
				CLANG_WARN__DUPLICATE_METHOD_MATCH = YES;
				"CODE_SIGN_IDENTITY[sdk=iphoneos*]" = "iPhone Developer";
				COPY_PHASE_STRIP = NO;
				DEBUG_INFORMATION_FORMAT = "dwarf-with-dsym";
				ENABLE_NS_ASSERTIONS = NO;
				ENABLE_STRICT_OBJC_MSGSEND = YES;
				GCC_C_LANGUAGE_STANDARD = gnu99;
				GCC_NO_COMMON_BLOCKS = YES;
				GCC_WARN_64_TO_32_BIT_CONVERSION = YES;
				GCC_WARN_ABOUT_RETURN_TYPE = YES_ERROR;
				GCC_WARN_UNDECLARED_SELECTOR = YES;
				GCC_WARN_UNINITIALIZED_AUTOS = YES_AGGRESSIVE;
				GCC_WARN_UNUSED_FUNCTION = YES;
				GCC_WARN_UNUSED_VARIABLE = YES;
				IPHONEOS_DEPLOYMENT_TARGET = 9.3;
				MTL_ENABLE_DEBUG_INFO = NO;
				SDKROOT = iphoneos;
				TARGETED_DEVICE_FAMILY = "1,2";
				VALIDATE_PRODUCT = YES;
			};
			name = Release;
		};
		7455EEAD1D1A29A8002F9F43 /* Debug */ = {
			isa = XCBuildConfiguration;
			buildSettings = {
				ASSETCATALOG_COMPILER_APPICON_NAME = AppIcon;
				CODE_SIGN_ENTITLEMENTS = "ios-lesson/ios-lesson.entitlements";
				CODE_SIGN_IDENTITY = "iPhone Developer";
				INFOPLIST_FILE = "ios-lesson/Info.plist";
				LD_RUNPATH_SEARCH_PATHS = "$(inherited) @executable_path/Frameworks";
				PRODUCT_BUNDLE_IDENTIFIER = "com.plutoapps.ios-lesson";
				PRODUCT_NAME = "$(TARGET_NAME)";
			};
			name = Debug;
		};
		7455EEAE1D1A29A8002F9F43 /* Release */ = {
			isa = XCBuildConfiguration;
			buildSettings = {
				ASSETCATALOG_COMPILER_APPICON_NAME = AppIcon;
				CODE_SIGN_ENTITLEMENTS = "ios-lesson/ios-lesson.entitlements";
				CODE_SIGN_IDENTITY = "iPhone Developer";
				INFOPLIST_FILE = "ios-lesson/Info.plist";
				LD_RUNPATH_SEARCH_PATHS = "$(inherited) @executable_path/Frameworks";
				PRODUCT_BUNDLE_IDENTIFIER = "com.plutoapps.ios-lesson";
				PRODUCT_NAME = "$(TARGET_NAME)";
			};
			name = Release;
		};
		7455EEB01D1A29A8002F9F43 /* Debug */ = {
			isa = XCBuildConfiguration;
			buildSettings = {
				BUNDLE_LOADER = "$(TEST_HOST)";
				INFOPLIST_FILE = "ios-lessonTests/Info.plist";
				LD_RUNPATH_SEARCH_PATHS = "$(inherited) @executable_path/Frameworks @loader_path/Frameworks";
				PRODUCT_BUNDLE_IDENTIFIER = "com.plutoapps.ios-lessonTests";
				PRODUCT_NAME = "$(TARGET_NAME)";
				TEST_HOST = "$(BUILT_PRODUCTS_DIR)/ios-lesson.app/ios-lesson";
			};
			name = Debug;
		};
		7455EEB11D1A29A8002F9F43 /* Release */ = {
			isa = XCBuildConfiguration;
			buildSettings = {
				BUNDLE_LOADER = "$(TEST_HOST)";
				INFOPLIST_FILE = "ios-lessonTests/Info.plist";
				LD_RUNPATH_SEARCH_PATHS = "$(inherited) @executable_path/Frameworks @loader_path/Frameworks";
				PRODUCT_BUNDLE_IDENTIFIER = "com.plutoapps.ios-lessonTests";
				PRODUCT_NAME = "$(TARGET_NAME)";
				TEST_HOST = "$(BUILT_PRODUCTS_DIR)/ios-lesson.app/ios-lesson";
			};
			name = Release;
		};
		7455EEB31D1A29A8002F9F43 /* Debug */ = {
			isa = XCBuildConfiguration;
			buildSettings = {
				INFOPLIST_FILE = "ios-lessonUITests/Info.plist";
				LD_RUNPATH_SEARCH_PATHS = "$(inherited) @executable_path/Frameworks @loader_path/Frameworks";
				PRODUCT_BUNDLE_IDENTIFIER = "com.plutoapps.ios-lessonUITests";
				PRODUCT_NAME = "$(TARGET_NAME)";
				TEST_TARGET_NAME = "ios-lesson";
			};
			name = Debug;
		};
		7455EEB41D1A29A8002F9F43 /* Release */ = {
			isa = XCBuildConfiguration;
			buildSettings = {
				INFOPLIST_FILE = "ios-lessonUITests/Info.plist";
				LD_RUNPATH_SEARCH_PATHS = "$(inherited) @executable_path/Frameworks @loader_path/Frameworks";
				PRODUCT_BUNDLE_IDENTIFIER = "com.plutoapps.ios-lessonUITests";
				PRODUCT_NAME = "$(TARGET_NAME)";
				TEST_TARGET_NAME = "ios-lesson";
			};
			name = Release;
		};
/* End XCBuildConfiguration section */

/* Begin XCConfigurationList section */
		7455EE7F1D1A29A8002F9F43 /* Build configuration list for PBXProject "ios-lesson" */ = {
			isa = XCConfigurationList;
			buildConfigurations = (
				7455EEAA1D1A29A8002F9F43 /* Debug */,
				7455EEAB1D1A29A8002F9F43 /* Release */,
			);
			defaultConfigurationIsVisible = 0;
			defaultConfigurationName = Release;
		};
		7455EEAC1D1A29A8002F9F43 /* Build configuration list for PBXNativeTarget "ios-lesson" */ = {
			isa = XCConfigurationList;
			buildConfigurations = (
				7455EEAD1D1A29A8002F9F43 /* Debug */,
				7455EEAE1D1A29A8002F9F43 /* Release */,
			);
			defaultConfigurationIsVisible = 0;
			defaultConfigurationName = Release;
		};
		7455EEAF1D1A29A8002F9F43 /* Build configuration list for PBXNativeTarget "ios-lessonTests" */ = {
			isa = XCConfigurationList;
			buildConfigurations = (
				7455EEB01D1A29A8002F9F43 /* Debug */,
				7455EEB11D1A29A8002F9F43 /* Release */,
			);
			defaultConfigurationIsVisible = 0;
			defaultConfigurationName = Release;
		};
		7455EEB21D1A29A8002F9F43 /* Build configuration list for PBXNativeTarget "ios-lessonUITests" */ = {
			isa = XCConfigurationList;
			buildConfigurations = (
				7455EEB31D1A29A8002F9F43 /* Debug */,
				7455EEB41D1A29A8002F9F43 /* Release */,
			);
			defaultConfigurationIsVisible = 0;
			defaultConfigurationName = Release;
		};
/* End XCConfigurationList section */
	};
	rootObject = 7455EE7C1D1A29A8002F9F43 /* Project object */;
}
